{
  "name": "stoz",
  "version": "1.0.0",
  "lockfileVersion": 1,
  "requires": true,
  "dependencies": {
    "immutable": {
      "version": "4.0.0-rc.12",
      "resolved": "https://registry.npmjs.org/immutable/-/immutable-4.0.0-rc.12.tgz",
      "integrity": "sha512-0M2XxkZLx/mi3t8NVwIm1g8nHoEmM9p9UBl/G9k4+hm0kBgOVdMV/B3CY5dQ8qG8qc80NN4gDV4HQv6FTJ5q7A=="
    },
    "immutable-js": {
      "version": "0.3.1-6",
      "resolved": "https://registry.npmjs.org/immutable-js/-/immutable-js-0.3.1-6.tgz",
      "integrity": "sha1-QqxIBYmamv6oa9PP3+JHiuwk0QA="
    }
  }
}
